
Microsoft Visual Studio Solution File, Format Version 12.00
# Visual Studio 15
Project("{FAE04EC0-301F-11D3-BF4B-00C04F79EFBC}") = "Assembly-CSharp", "Assembly-CSharp.csproj", "{E179C31C-F086-B551-CAC1-108171BA9C63}"
EndProject
Project("{FAE04EC0-301F-11D3-BF4B-00C04F79EFBC}") = "TextToTMP.Editor", "TextToTMP.Editor.csproj", "{CD89511D-CF47-A651-8CDA-58518AB3D6F4}"
EndProject
Global
	GlobalSection(SolutionConfigurationPlatforms) = preSolution
		Debug|Any CPU = Debug|Any CPU
		Release|Any CPU = Release|Any CPU
	EndGlobalSection
	GlobalSection(ProjectConfigurationPlatforms) = postSolution
		{E179C31C-F086-B551-CAC1-108171BA9C63}.Debug|Any CPU.ActiveCfg = Debug|Any CPU
		{E179C31C-F086-B551-CAC1-108171BA9C63}.Debug|Any CPU.Build.0 = Debug|Any CPU
		{E179C31C-F086-B551-CAC1-108171BA9C63}.Release|Any CPU.ActiveCfg = Release|Any CPU
		{E179C31C-F086-B551-CAC1-108171BA9C63}.Release|Any CPU.Build.0 = Release|Any CPU
		{CD89511D-CF47-A651-8CDA-58518AB3D6F4}.Debug|Any CPU.ActiveCfg = Debug|Any CPU
		{CD89511D-CF47-A651-8CDA-58518AB3D6F4}.Debug|Any CPU.Build.0 = Debug|Any CPU
		{CD89511D-CF47-A651-8CDA-58518AB3D6F4}.Release|Any CPU.ActiveCfg = Release|Any CPU
		{CD89511D-CF47-A651-8CDA-58518AB3D6F4}.Release|Any CPU.Build.0 = Release|Any CPU
	EndGlobalSection
	GlobalSection(SolutionProperties) = preSolution
		HideSolutionNode = FALSE
	EndGlobalSection
EndGlobal
